
Microsoft Visual Studio Solution File, Format Version 12.00
# Visual Studio Version 17
VisualStudioVersion = 17.0.31903.59
MinimumVisualStudioVersion = 10.0.40219.1
Project("{2150E333-8FDC-42A3-9474-1A3956D46DE8}") = "src", "src", "{4587F146-DA01-4AE9-AAF0-40566E486E27}"
EndProject
Project("{FAE04EC0-301F-11D3-BF4B-00C04F79EFBC}") = "Zen", "src\Zen\Zen.csproj", "{9B12F88E-656B-4519-A919-88F5CC9F7880}"
EndProject
Project("{2150E333-8FDC-42A3-9474-1A3956D46DE8}") = "tests", "tests", "{794C5622-7A3B-4DE3-8762-B9E8820C7948}"
EndProject
Project("{FAE04EC0-301F-11D3-BF4B-00C04F79EFBC}") = "Zen.Tests", "tests\Zen.Tests\Zen.Tests.csproj", "{5978DA1F-A23A-4F97-82BB-C1BA052EC1E8}"
EndProject
Global
	GlobalSection(SolutionConfigurationPlatforms) = preSolution
		Debug|Any CPU = Debug|Any CPU
		Release|Any CPU = Release|Any CPU
	EndGlobalSection
	GlobalSection(SolutionProperties) = preSolution
		HideSolutionNode = FALSE
	EndGlobalSection
	GlobalSection(ProjectConfigurationPlatforms) = postSolution
		{9B12F88E-656B-4519-A919-88F5CC9F7880}.Debug|Any CPU.ActiveCfg = Debug|Any CPU
		{9B12F88E-656B-4519-A919-88F5CC9F7880}.Debug|Any CPU.Build.0 = Debug|Any CPU
		{9B12F88E-656B-4519-A919-88F5CC9F7880}.Release|Any CPU.ActiveCfg = Release|Any CPU
		{9B12F88E-656B-4519-A919-88F5CC9F7880}.Release|Any CPU.Build.0 = Release|Any CPU
		{5978DA1F-A23A-4F97-82BB-C1BA052EC1E8}.Debug|Any CPU.ActiveCfg = Debug|Any CPU
		{5978DA1F-A23A-4F97-82BB-C1BA052EC1E8}.Debug|Any CPU.Build.0 = Debug|Any CPU
		{5978DA1F-A23A-4F97-82BB-C1BA052EC1E8}.Release|Any CPU.ActiveCfg = Release|Any CPU
		{5978DA1F-A23A-4F97-82BB-C1BA052EC1E8}.Release|Any CPU.Build.0 = Release|Any CPU
	EndGlobalSection
	GlobalSection(NestedProjects) = preSolution
		{9B12F88E-656B-4519-A919-88F5CC9F7880} = {4587F146-DA01-4AE9-AAF0-40566E486E27}
		{5978DA1F-A23A-4F97-82BB-C1BA052EC1E8} = {794C5622-7A3B-4DE3-8762-B9E8820C7948}
	EndGlobalSection
EndGlobal
